// !$*UTF8*$!
{
	archiveVersion = 1;
	classes = {
	};
	objectVersion = 46;
	objects = {

/* Begin PBXBuildFile section */
		E4384C741E4C66570029F921 /* AppDelegate.swift in Sources */ = {isa = PBXBuildFile; fileRef = E4384C731E4C66570029F921 /* AppDelegate.swift */; };
		E4384C761E4C66570029F921 /* ViewController.swift in Sources */ = {isa = PBXBuildFile; fileRef = E4384C751E4C66570029F921 /* ViewController.swift */; };
		E4384C791E4C66570029F921 /* Main.storyboard in Resources */ = {isa = PBXBuildFile; fileRef = E4384C771E4C66570029F921 /* Main.storyboard */; };
		E4384C7B1E4C66570029F921 /* Assets.xcassets in Resources */ = {isa = PBXBuildFile; fileRef = E4384C7A1E4C66570029F921 /* Assets.xcassets */; };
		E4384C7E1E4C66570029F921 /* LaunchScreen.storyboard in Resources */ = {isa = PBXBuildFile; fileRef = E4384C7C1E4C66570029F921 /* LaunchScreen.storyboard */; };
		E4384C891E4C66580029F921 /* SecondKadaiAppTests.swift in Sources */ = {isa = PBXBuildFile; fileRef = E4384C881E4C66580029F921 /* SecondKadaiAppTests.swift */; };
		E4384C941E4C66580029F921 /* SecondKadaiAppUITests.swift in Sources */ = {isa = PBXBuildFile; fileRef = E4384C931E4C66580029F921 /* SecondKadaiAppUITests.swift */; };
		E4384CA41E4C68C10029F921 /* ResultViewController.swift in Sources */ = {isa = PBXBuildFile; fileRef = E4384CA31E4C68C10029F921 /* ResultViewController.swift */; };
/* End PBXBuildFile section */

/* Begin PBXContainerItemProxy section */
		E4384C851E4C66580029F921 /* PBXContainerItemProxy */ = {
			isa = PBXContainerItemProxy;
			containerPortal = E4384C681E4C66570029F921 /* Project object */;
			proxyType = 1;
			remoteGlobalIDString = E4384C6F1E4C66570029F921;
			remoteInfo = SecondKadaiApp;
		};
		E4384C901E4C66580029F921 /* PBXContainerItemProxy */ = {
			isa = PBXContainerItemProxy;
			containerPortal = E4384C681E4C66570029F921 /* Project object */;
			proxyType = 1;
			remoteGlobalIDString = E4384C6F1E4C66570029F921;
			remoteInfo = SecondKadaiApp;
		};
/* End PBXContainerItemProxy section */

/* Begin PBXFileReference section */
		E4384C701E4C66570029F921 /* SecondKadaiApp.app */ = {isa = PBXFileReference; explicitFileType = wrapper.application; includeInIndex = 0; path = SecondKadaiApp.app; sourceTree = BUILT_PRODUCTS_DIR; };
		E4384C731E4C66570029F921 /* AppDelegate.swift */ = {isa = PBXFileReference; lastKnownFileType = sourcecode.swift; path = AppDelegate.swift; sourceTree = "<group>"; };
		E4384C751E4C66570029F921 /* ViewController.swift */ = {isa = PBXFileReference; lastKnownFileType = sourcecode.swift; path = ViewController.swift; sourceTree = "<group>"; };
		E4384C781E4C66570029F921 /* Base */ = {isa = PBXFileReference; lastKnownFileType = file.storyboard; name = Base; path = Base.lproj/Main.storyboard; sourceTree = "<group>"; };
		E4384C7A1E4C66570029F921 /* Assets.xcassets */ = {isa = PBXFileReference; lastKnownFileType = folder.assetcatalog; path = Assets.xcassets; sourceTree = "<group>"; };
		E4384C7D1E4C66570029F921 /* Base */ = {isa = PBXFileReference; lastKnownFileType = file.storyboard; name = Base; path = Base.lproj/LaunchScreen.storyboard; sourceTree = "<group>"; };
		E4384C7F1E4C66570029F921 /* Info.plist */ = {isa = PBXFileReference; lastKnownFileType = text.plist.xml; path = Info.plist; sourceTree = "<group>"; };
		E4384C841E4C66580029F921 /* SecondKadaiAppTests.xctest */ = {isa = PBXFileReference; explicitFileType = wrapper.cfbundle; includeInIndex = 0; path = SecondKadaiAppTests.xctest; sourceTree = BUILT_PRODUCTS_DIR; };
		E4384C881E4C66580029F921 /* SecondKadaiAppTests.swift */ = {isa = PBXFileReference; lastKnownFileType = sourcecode.swift; path = SecondKadaiAppTests.swift; sourceTree = "<group>"; };
		E4384C8A1E4C66580029F921 /* Info.plist */ = {isa = PBXFileReference; lastKnownFileType = text.plist.xml; path = Info.plist; sourceTree = "<group>"; };
		E4384C8F1E4C66580029F921 /* SecondKadaiAppUITests.xctest */ = {isa = PBXFileReference; explicitFileType = wrapper.cfbundle; includeInIndex = 0; path = SecondKadaiAppUITests.xctest; sourceTree = BUILT_PRODUCTS_DIR; };
		E4384C931E4C66580029F921 /* SecondKadaiAppUITests.swift */ = {isa = PBXFileReference; lastKnownFileType = sourcecode.swift; path = SecondKadaiAppUITests.swift; sourceTree = "<group>"; };
		E4384C951E4C66580029F921 /* Info.plist */ = {isa = PBXFileReference; lastKnownFileType = text.plist.xml; path = Info.plist; sourceTree = "<group>"; };
		E4384CA31E4C68C10029F921 /* ResultViewController.swift */ = {isa = PBXFileReference; fileEncoding = 4; lastKnownFileType = sourcecode.swift; path = ResultViewController.swift; sourceTree = "<group>"; };
/* End PBXFileReference section */

/* Begin PBXFrameworksBuildPhase section */
		E4384C6D1E4C66570029F921 /* Frameworks */ = {
			isa = PBXFrameworksBuildPhase;
			buildActionMask = 2147483647;
			files = (
			);
			runOnlyForDeploymentPostprocessing = 0;
		};
		E4384C811E4C66580029F921 /* Frameworks */ = {
			isa = PBXFrameworksBuildPhase;
			buildActionMask = 2147483647;
			files = (
			);
			runOnlyForDeploymentPostprocessing = 0;
		};
		E4384C8C1E4C66580029F921 /* Frameworks */ = {
			isa = PBXFrameworksBuildPhase;
			buildActionMask = 2147483647;
			files = (
			);
			runOnlyForDeploymentPostprocessing = 0;
		};
/* End PBXFrameworksBuildPhase section */

/* Begin PBXGroup section */
		E4384C671E4C66570029F921 = {
			isa = PBXGroup;
			children = (
				E4384C721E4C66570029F921 /* SecondKadaiApp */,
				E4384C871E4C66580029F921 /* SecondKadaiAppTests */,
				E4384C921E4C66580029F921 /* SecondKadaiAppUITests */,
				E4384C711E4C66570029F921 /* Products */,
			);
			sourceTree = "<group>";
		};
		E4384C711E4C66570029F921 /* Products */ = {
			isa = PBXGroup;
			children = (
				E4384C701E4C66570029F921 /* SecondKadaiApp.app */,
				E4384C841E4C66580029F921 /* SecondKadaiAppTests.xctest */,
				E4384C8F1E4C66580029F921 /* SecondKadaiAppUITests.xctest */,
			);
			name = Products;
			sourceTree = "<group>";
		};
		E4384C721E4C66570029F921 /* SecondKadaiApp */ = {
			isa = PBXGroup;
			children = (
				E4384C731E4C66570029F921 /* AppDelegate.swift */,
				E4384C751E4C66570029F921 /* ViewController.swift */,
				E4384CA31E4C68C10029F921 /* ResultViewController.swift */,
				E4384C771E4C66570029F921 /* Main.storyboard */,
				E4384C7A1E4C66570029F921 /* Assets.xcassets */,
				E4384C7C1E4C66570029F921 /* LaunchScreen.storyboard */,
				E4384C7F1E4C66570029F921 /* Info.plist */,
			);
			path = SecondKadaiApp;
			sourceTree = "<group>";
		};
		E4384C871E4C66580029F921 /* SecondKadaiAppTests */ = {
			isa = PBXGroup;
			children = (
				E4384C881E4C66580029F921 /* SecondKadaiAppTests.swift */,
				E4384C8A1E4C66580029F921 /* Info.plist */,
			);
			path = SecondKadaiAppTests;
			sourceTree = "<group>";
		};
		E4384C921E4C66580029F921 /* SecondKadaiAppUITests */ = {
			isa = PBXGroup;
			children = (
				E4384C931E4C66580029F921 /* SecondKadaiAppUITests.swift */,
				E4384C951E4C66580029F921 /* Info.plist */,
			);
			path = SecondKadaiAppUITests;
			sourceTree = "<group>";
		};
/* End PBXGroup section */

/* Begin PBXNativeTarget section */
		E4384C6F1E4C66570029F921 /* SecondKadaiApp */ = {
			isa = PBXNativeTarget;
			buildConfigurationList = E4384C981E4C66580029F921 /* Build configuration list for PBXNativeTarget "SecondKadaiApp" */;
			buildPhases = (
				E4384C6C1E4C66570029F921 /* Sources */,
				E4384C6D1E4C66570029F921 /* Frameworks */,
				E4384C6E1E4C66570029F921 /* Resources */,
			);
			buildRules = (
			);
			dependencies = (
			);
			name = SecondKadaiApp;
			productName = SecondKadaiApp;
			productReference = E4384C701E4C66570029F921 /* SecondKadaiApp.app */;
			productType = "com.apple.product-type.application";
		};
		E4384C831E4C66580029F921 /* SecondKadaiAppTests */ = {
			isa = PBXNativeTarget;
			buildConfigurationList = E4384C9B1E4C66580029F921 /* Build configuration list for PBXNativeTarget "SecondKadaiAppTests" */;
			buildPhases = (
				E4384C801E4C66580029F921 /* Sources */,
				E4384C811E4C66580029F921 /* Frameworks */,
				E4384C821E4C66580029F921 /* Resources */,
			);
			buildRules = (
			);
			dependencies = (
				E4384C861E4C66580029F921 /* PBXTargetDependency */,
			);
			name = SecondKadaiAppTests;
			productName = SecondKadaiAppTests;
			productReference = E4384C841E4C66580029F921 /* SecondKadaiAppTests.xctest */;
			productType = "com.apple.product-type.bundle.unit-test";
		};
		E4384C8E1E4C66580029F921 /* SecondKadaiAppUITests */ = {
			isa = PBXNativeTarget;
			buildConfigurationList = E4384C9E1E4C66580029F921 /* Build configuration list for PBXNativeTarget "SecondKadaiAppUITests" */;
			buildPhases = (
				E4384C8B1E4C66580029F921 /* Sources */,
				E4384C8C1E4C66580029F921 /* Frameworks */,
				E4384C8D1E4C66580029F921 /* Resources */,
			);
			buildRules = (
			);
			dependencies = (
				E4384C911E4C66580029F921 /* PBXTargetDependency */,
			);
			name = SecondKadaiAppUITests;
			productName = SecondKadaiAppUITests;
			productReference = E4384C8F1E4C66580029F921 /* SecondKadaiAppUITests.xctest */;
			productType = "com.apple.product-type.bundle.ui-testing";
		};
/* End PBXNativeTarget section */

/* Begin PBXProject section */
		E4384C681E4C66570029F921 /* Project object */ = {
			isa = PBXProject;
			attributes = {
				LastSwiftUpdateCheck = 0820;
				LastUpgradeCheck = 0820;
				ORGANIZATIONNAME = "小林真理子";
				TargetAttributes = {
					E4384C6F1E4C66570029F921 = {
						CreatedOnToolsVersion = 8.2.1;
						ProvisioningStyle = Automatic;
					};
					E4384C831E4C66580029F921 = {
						CreatedOnToolsVersion = 8.2.1;
						ProvisioningStyle = Automatic;
						TestTargetID = E4384C6F1E4C66570029F921;
					};
					E4384C8E1E4C66580029F921 = {
						CreatedOnToolsVersion = 8.2.1;
						ProvisioningStyle = Automatic;
						TestTargetID = E4384C6F1E4C66570029F921;
					};
				};
			};
			buildConfigurationList = E4384C6B1E4C66570029F921 /* Build configuration list for PBXProject "SecondKadaiApp" */;
			compatibilityVersion = "Xcode 3.2";
			developmentRegion = English;
			hasScannedForEncodings = 0;
			knownRegions = (
				en,
				Base,
			);
			mainGroup = E4384C671E4C66570029F921;
			productRefGroup = E4384C711E4C66570029F921 /* Products */;
			projectDirPath = "";
			projectRoot = "";
			targets = (
				E4384C6F1E4C66570029F921 /* SecondKadaiApp */,
				E4384C831E4C66580029F921 /* SecondKadaiAppTests */,
				E4384C8E1E4C66580029F921 /* SecondKadaiAppUITests */,
			);
		};
/* End PBXProject section */

/* Begin PBXResourcesBuildPhase section */
		E4384C6E1E4C66570029F921 /* Resources */ = {
			isa = PBXResourcesBuildPhase;
			buildActionMask = 2147483647;
			files = (
				E4384C7E1E4C66570029F921 /* LaunchScreen.storyboard in Resources */,
				E4384C7B1E4C66570029F921 /* Assets.xcassets in Resources */,
				E4384C791E4C66570029F921 /* Main.storyboard in Resources */,
			);
			runOnlyForDeploymentPostprocessing = 0;
		};
		E4384C821E4C66580029F921 /* Resources */ = {
			isa = PBXResourcesBuildPhase;
			buildActionMask = 2147483647;
			files = (
			);
			runOnlyForDeploymentPostprocessing = 0;
		};
		E4384C8D1E4C66580029F921 /* Resources */ = {
			isa = PBXResourcesBuildPhase;
			buildActionMask = 2147483647;
			files = (
			);
			runOnlyForDeploymentPostprocessing = 0;
		};
/* End PBXResourcesBuildPhase section */

/* Begin PBXSourcesBuildPhase section */
		E4384C6C1E4C66570029F921 /* Sources */ = {
			isa = PBXSourcesBuildPhase;
			buildActionMask = 2147483647;
			files = (
				E4384C761E4C66570029F921 /* ViewController.swift in Sources */,
				E4384C741E4C66570029F921 /* AppDelegate.swift in Sources */,
				E4384CA41E4C68C10029F921 /* ResultViewController.swift in Sources */,
			);
			runOnlyForDeploymentPostprocessing = 0;
		};
		E4384C801E4C66580029F921 /* Sources */ = {
			isa = PBXSourcesBuildPhase;
			buildActionMask = 2147483647;
			files = (
				E4384C891E4C66580029F921 /* SecondKadaiAppTests.swift in Sources */,
			);
			runOnlyForDeploymentPostprocessing = 0;
		};
		E4384C8B1E4C66580029F921 /* Sources */ = {
			isa = PBXSourcesBuildPhase;
			buildActionMask = 2147483647;
			files = (
				E4384C941E4C66580029F921 /* SecondKadaiAppUITests.swift in Sources */,
			);
			runOnlyForDeploymentPostprocessing = 0;
		};
/* End PBXSourcesBuildPhase section */

/* Begin PBXTargetDependency section */
		E4384C861E4C66580029F921 /* PBXTargetDependency */ = {
			isa = PBXTargetDependency;
			target = E4384C6F1E4C66570029F921 /* SecondKadaiApp */;
			targetProxy = E4384C851E4C66580029F921 /* PBXContainerItemProxy */;
		};
		E4384C911E4C66580029F921 /* PBXTargetDependency */ = {
			isa = PBXTargetDependency;
			target = E4384C6F1E4C66570029F921 /* SecondKadaiApp */;
			targetProxy = E4384C901E4C66580029F921 /* PBXContainerItemProxy */;
		};
/* End PBXTargetDependency section */

/* Begin PBXVariantGroup section */
		E4384C771E4C66570029F921 /* Main.storyboard */ = {
			isa = PBXVariantGroup;
			children = (
				E4384C781E4C66570029F921 /* Base */,
			);
			name = Main.storyboard;
			sourceTree = "<group>";
		};
		E4384C7C1E4C66570029F921 /* LaunchScreen.storyboard */ = {
			isa = PBXVariantGroup;
			children = (
				E4384C7D1E4C66570029F921 /* Base */,
			);
			name = LaunchScreen.storyboard;
			sourceTree = "<group>";
		};
/* End PBXVariantGroup section */

/* Begin XCBuildConfiguration section */
		E4384C961E4C66580029F921 /* Debug */ = {
			isa = XCBuildConfiguration;
			buildSettings = {
				ALWAYS_SEARCH_USER_PATHS = NO;
				CLANG_ANALYZER_NONNULL = YES;
				CLANG_CXX_LANGUAGE_STANDARD = "gnu++0x";
				CLANG_CXX_LIBRARY = "libc++";
				CLANG_ENABLE_MODULES = YES;
				CLANG_ENABLE_OBJC_ARC = YES;
				CLANG_WARN_BOOL_CONVERSION = YES;
				CLANG_WARN_CONSTANT_CONVERSION = YES;
				CLANG_WARN_DIRECT_OBJC_ISA_USAGE = YES_ERROR;
				CLANG_WARN_DOCUMENTATION_COMMENTS = YES;
				CLANG_WARN_EMPTY_BODY = YES;
				CLANG_WARN_ENUM_CONVERSION = YES;
				CLANG_WARN_INFINITE_RECURSION = YES;
				CLANG_WARN_INT_CONVERSION = YES;
				CLANG_WARN_OBJC_ROOT_CLASS = YES_ERROR;
				CLANG_WARN_SUSPICIOUS_MOVE = YES;
				CLANG_WARN_UNREACHABLE_CODE = YES;
				CLANG_WARN__DUPLICATE_METHOD_MATCH = YES;
				"CODE_SIGN_IDENTITY[sdk=iphoneos*]" = "iPhone Developer";
				COPY_PHASE_STRIP = NO;
				DEBUG_INFORMATION_FORMAT = dwarf;
				ENABLE_STRICT_OBJC_MSGSEND = YES;
				ENABLE_TESTABILITY = YES;
				GCC_C_LANGUAGE_STANDARD = gnu99;
				GCC_DYNAMIC_NO_PIC = NO;
				GCC_NO_COMMON_BLOCKS = YES;
				GCC_OPTIMIZATION_LEVEL = 0;
				GCC_PREPROCESSOR_DEFINITIONS = (
					"DEBUG=1",
					"$(inherited)",
				);
				GCC_WARN_64_TO_32_BIT_CONVERSION = YES;
				GCC_WARN_ABOUT_RETURN_TYPE = YES_ERROR;
				GCC_WARN_UNDECLARED_SELECTOR = YES;
				GCC_WARN_UNINITIALIZED_AUTOS = YES_AGGRESSIVE;
				GCC_WARN_UNUSED_FUNCTION = YES;
				GCC_WARN_UNUSED_VARIABLE = YES;
				IPHONEOS_DEPLOYMENT_TARGET = 10.2;
				MTL_ENABLE_DEBUG_INFO = YES;
				ONLY_ACTIVE_ARCH = YES;
				SDKROOT = iphoneos;
				SWIFT_ACTIVE_COMPILATION_CONDITIONS = DEBUG;
				SWIFT_OPTIMIZATION_LEVEL = "-Onone";
			};
			name = Debug;
		};
		E4384C971E4C66580029F921 /* Release */ = {
			isa = XCBuildConfiguration;
			buildSettings = {
				ALWAYS_SEARCH_USER_PATHS = NO;
				CLANG_ANALYZER_NONNULL = YES;
				CLANG_CXX_LANGUAGE_STANDARD = "gnu++0x";
				CLANG_CXX_LIBRARY = "libc++";
				CLANG_ENABLE_MODULES = YES;
				CLANG_ENABLE_OBJC_ARC = YES;
				CLANG_WARN_BOOL_CONVERSION = YES;
				CLANG_WARN_CONSTANT_CONVERSION = YES;
				CLANG_WARN_DIRECT_OBJC_ISA_USAGE = YES_ERROR;
				CLANG_WARN_DOCUMENTATION_COMMENTS = YES;
				CLANG_WARN_EMPTY_BODY = YES;
				CLANG_WARN_ENUM_CONVERSION = YES;
				CLANG_WARN_INFINITE_RECURSION = YES;
				CLANG_WARN_INT_CONVERSION = YES;
				CLANG_WARN_OBJC_ROOT_CLASS = YES_ERROR;
				CLANG_WARN_SUSPICIOUS_MOVE = YES;
				CLANG_WARN_UNREACHABLE_CODE = YES;
				CLANG_WARN__DUPLICATE_METHOD_MATCH = YES;
				"CODE_SIGN_IDENTITY[sdk=iphoneos*]" = "iPhone Developer";
				COPY_PHASE_STRIP = NO;
				DEBUG_INFORMATION_FORMAT = "dwarf-with-dsym";
				ENABLE_NS_ASSERTIONS = NO;
				ENABLE_STRICT_OBJC_MSGSEND = YES;
				GCC_C_LANGUAGE_STANDARD = gnu99;
				GCC_NO_COMMON_BLOCKS = YES;
				GCC_WARN_64_TO_32_BIT_CONVERSION = YES;
				GCC_WARN_ABOUT_RETURN_TYPE = YES_ERROR;
				GCC_WARN_UNDECLARED_SELECTOR = YES;
				GCC_WARN_UNINITIALIZED_AUTOS = YES_AGGRESSIVE;
				GCC_WARN_UNUSED_FUNCTION = YES;
				GCC_WARN_UNUSED_VARIABLE = YES;
				IPHONEOS_DEPLOYMENT_TARGET = 10.2;
				MTL_ENABLE_DEBUG_INFO = NO;
				SDKROOT = iphoneos;
				SWIFT_OPTIMIZATION_LEVEL = "-Owholemodule";
				VALIDATE_PRODUCT = YES;
			};
			name = Release;
		};
		E4384C991E4C66580029F921 /* Debug */ = {
			isa = XCBuildConfiguration;
			buildSettings = {
				ASSETCATALOG_COMPILER_APPICON_NAME = AppIcon;
				INFOPLIST_FILE = SecondKadaiApp/Info.plist;
				LD_RUNPATH_SEARCH_PATHS = "$(inherited) @executable_path/Frameworks";
				PRODUCT_BUNDLE_IDENTIFIER = jp.techacademy.mariko.kobayashi.SecondKadaiApp;
				PRODUCT_NAME = "$(TARGET_NAME)";
				SWIFT_VERSION = 3.0;
			};
			name = Debug;
		};
		E4384C9A1E4C66580029F921 /* Release */ = {
			isa = XCBuildConfiguration;
			buildSettings = {
				ASSETCATALOG_COMPILER_APPICON_NAME = AppIcon;
				INFOPLIST_FILE = SecondKadaiApp/Info.plist;
				LD_RUNPATH_SEARCH_PATHS = "$(inherited) @executable_path/Frameworks";
				PRODUCT_BUNDLE_IDENTIFIER = jp.techacademy.mariko.kobayashi.SecondKadaiApp;
				PRODUCT_NAME = "$(TARGET_NAME)";
				SWIFT_VERSION = 3.0;
			};
			name = Release;
		};
		E4384C9C1E4C66580029F921 /* Debug */ = {
			isa = XCBuildConfiguration;
			buildSettings = {
				ALWAYS_EMBED_SWIFT_STANDARD_LIBRARIES = YES;
				BUNDLE_LOADER = "$(TEST_HOST)";
				INFOPLIST_FILE = SecondKadaiAppTests/Info.plist;
				LD_RUNPATH_SEARCH_PATHS = "$(inherited) @executable_path/Frameworks @loader_path/Frameworks";
				PRODUCT_BUNDLE_IDENTIFIER = jp.techacademy.mariko.kobayashi.SecondKadaiAppTests;
				PRODUCT_NAME = "$(TARGET_NAME)";
				SWIFT_VERSION = 3.0;
				TEST_HOST = "$(BUILT_PRODUCTS_DIR)/SecondKadaiApp.app/SecondKadaiApp";
			};
			name = Debug;
		};
		E4384C9D1E4C66580029F921 /* Release */ = {
			isa = XCBuildConfiguration;
			buildSettings = {
				ALWAYS_EMBED_SWIFT_STANDARD_LIBRARIES = YES;
				BUNDLE_LOADER = "$(TEST_HOST)";
				INFOPLIST_FILE = SecondKadaiAppTests/Info.plist;
				LD_RUNPATH_SEARCH_PATHS = "$(inherited) @executable_path/Frameworks @loader_path/Frameworks";
				PRODUCT_BUNDLE_IDENTIFIER = jp.techacademy.mariko.kobayashi.SecondKadaiAppTests;
				PRODUCT_NAME = "$(TARGET_NAME)";
				SWIFT_VERSION = 3.0;
				TEST_HOST = "$(BUILT_PRODUCTS_DIR)/SecondKadaiApp.app/SecondKadaiApp";
			};
			name = Release;
		};
		E4384C9F1E4C66580029F921 /* Debug */ = {
			isa = XCBuildConfiguration;
			buildSettings = {
				ALWAYS_EMBED_SWIFT_STANDARD_LIBRARIES = YES;
				INFOPLIST_FILE = SecondKadaiAppUITests/Info.plist;
				LD_RUNPATH_SEARCH_PATHS = "$(inherited) @executable_path/Frameworks @loader_path/Frameworks";
				PRODUCT_BUNDLE_IDENTIFIER = jp.techacademy.mariko.kobayashi.SecondKadaiAppUITests;
				PRODUCT_NAME = "$(TARGET_NAME)";
				SWIFT_VERSION = 3.0;
				TEST_TARGET_NAME = SecondKadaiApp;
			};
			name = Debug;
		};
		E4384CA01E4C66580029F921 /* Release */ = {
			isa = XCBuildConfiguration;
			buildSettings = {
				ALWAYS_EMBED_SWIFT_STANDARD_LIBRARIES = YES;
				INFOPLIST_FILE = SecondKadaiAppUITests/Info.plist;
				LD_RUNPATH_SEARCH_PATHS = "$(inherited) @executable_path/Frameworks @loader_path/Frameworks";
				PRODUCT_BUNDLE_IDENTIFIER = jp.techacademy.mariko.kobayashi.SecondKadaiAppUITests;
				PRODUCT_NAME = "$(TARGET_NAME)";
				SWIFT_VERSION = 3.0;
				TEST_TARGET_NAME = SecondKadaiApp;
			};
			name = Release;
		};
/* End XCBuildConfiguration section */

/* Begin XCConfigurationList section */
		E4384C6B1E4C66570029F921 /* Build configuration list for PBXProject "SecondKadaiApp" */ = {
			isa = XCConfigurationList;
			buildConfigurations = (
				E4384C961E4C66580029F921 /* Debug */,
				E4384C971E4C66580029F921 /* Release */,
			);
			defaultConfigurationIsVisible = 0;
			defaultConfigurationName = Release;
		};
		E4384C981E4C66580029F921 /* Build configuration list for PBXNativeTarget "SecondKadaiApp" */ = {
			isa = XCConfigurationList;
			buildConfigurations = (
				E4384C991E4C66580029F921 /* Debug */,
				E4384C9A1E4C66580029F921 /* Release */,
			);
			defaultConfigurationIsVisible = 0;
		};
		E4384C9B1E4C66580029F921 /* Build configuration list for PBXNativeTarget "SecondKadaiAppTests" */ = {
			isa = XCConfigurationList;
			buildConfigurations = (
				E4384C9C1E4C66580029F921 /* Debug */,
				E4384C9D1E4C66580029F921 /* Release */,
			);
			defaultConfigurationIsVisible = 0;
		};
		E4384C9E1E4C66580029F921 /* Build configuration list for PBXNativeTarget "SecondKadaiAppUITests" */ = {
			isa = XCConfigurationList;
			buildConfigurations = (
				E4384C9F1E4C66580029F921 /* Debug */,
				E4384CA01E4C66580029F921 /* Release */,
			);
			defaultConfigurationIsVisible = 0;
		};
/* End XCConfigurationList section */
	};
	rootObject = E4384C681E4C66570029F921 /* Project object */;
}
